
Microsoft Visual Studio Solution File, Format Version 12.00
# Visual Studio Version 16
VisualStudioVersion = 16.0.29324.140
MinimumVisualStudioVersion = 10.0.40219.1
Project("{9A19103F-16F7-4668-BE54-9A1E7A4F7556}") = "IronySqlParser", "IronySqlParser\IronySqlParser.csproj", "{F76788B3-3114-45C0-AB42-8B1A9E62CF71}"
EndProject
Project("{FAE04EC0-301F-11D3-BF4B-00C04F79EFBC}") = "SqlParserUnitTests", "ParserUnitTests\SqlParserUnitTests.csproj", "{F0D84711-0871-4B5B-A084-E33D138669F9}"
EndProject
Project("{9A19103F-16F7-4668-BE54-9A1E7A4F7556}") = "DataBaseEngine", "DataBaseEngine\DataBaseEngine.csproj", "{55FC74AF-52B0-4AEF-ACBA-C080E76A5FC1}"
EndProject
Project("{9A19103F-16F7-4668-BE54-9A1E7A4F7556}") = "DB_MainFrame", "DB_MainFrame\DB_MainFrame.csproj", "{007EB87A-AB4F-481A-876C-CE1DB2F41A96}"
EndProject
Project("{9A19103F-16F7-4668-BE54-9A1E7A4F7556}") = "MultiThreadedExecutor", "MultiThreadedExecutor\MultiThreadedExecutor.csproj", "{218DAAD8-3073-484B-AC73-05A15494ECE1}"
EndProject
Project("{9A19103F-16F7-4668-BE54-9A1E7A4F7556}") = "IronySqlParser.Tests", "IronySqlParser.Tests\IronySqlParser.Tests.csproj", "{748479AF-A95E-45F1-9E01-4913113CC895}"
EndProject
Global
	GlobalSection(SolutionConfigurationPlatforms) = preSolution
		Debug|Any CPU = Debug|Any CPU
		Release|Any CPU = Release|Any CPU
	EndGlobalSection
	GlobalSection(ProjectConfigurationPlatforms) = postSolution
		{F76788B3-3114-45C0-AB42-8B1A9E62CF71}.Debug|Any CPU.ActiveCfg = Debug|Any CPU
		{F76788B3-3114-45C0-AB42-8B1A9E62CF71}.Debug|Any CPU.Build.0 = Debug|Any CPU
		{F76788B3-3114-45C0-AB42-8B1A9E62CF71}.Release|Any CPU.ActiveCfg = Release|Any CPU
		{F76788B3-3114-45C0-AB42-8B1A9E62CF71}.Release|Any CPU.Build.0 = Release|Any CPU
		{F0D84711-0871-4B5B-A084-E33D138669F9}.Debug|Any CPU.ActiveCfg = Debug|Any CPU
		{F0D84711-0871-4B5B-A084-E33D138669F9}.Debug|Any CPU.Build.0 = Debug|Any CPU
		{F0D84711-0871-4B5B-A084-E33D138669F9}.Release|Any CPU.ActiveCfg = Release|Any CPU
		{F0D84711-0871-4B5B-A084-E33D138669F9}.Release|Any CPU.Build.0 = Release|Any CPU
		{55FC74AF-52B0-4AEF-ACBA-C080E76A5FC1}.Debug|Any CPU.ActiveCfg = Debug|Any CPU
		{55FC74AF-52B0-4AEF-ACBA-C080E76A5FC1}.Debug|Any CPU.Build.0 = Debug|Any CPU
		{55FC74AF-52B0-4AEF-ACBA-C080E76A5FC1}.Release|Any CPU.ActiveCfg = Release|Any CPU
		{55FC74AF-52B0-4AEF-ACBA-C080E76A5FC1}.Release|Any CPU.Build.0 = Release|Any CPU
		{007EB87A-AB4F-481A-876C-CE1DB2F41A96}.Debug|Any CPU.ActiveCfg = Debug|Any CPU
		{007EB87A-AB4F-481A-876C-CE1DB2F41A96}.Debug|Any CPU.Build.0 = Debug|Any CPU
		{007EB87A-AB4F-481A-876C-CE1DB2F41A96}.Release|Any CPU.ActiveCfg = Release|Any CPU
		{007EB87A-AB4F-481A-876C-CE1DB2F41A96}.Release|Any CPU.Build.0 = Release|Any CPU
		{218DAAD8-3073-484B-AC73-05A15494ECE1}.Debug|Any CPU.ActiveCfg = Debug|Any CPU
		{218DAAD8-3073-484B-AC73-05A15494ECE1}.Debug|Any CPU.Build.0 = Debug|Any CPU
		{218DAAD8-3073-484B-AC73-05A15494ECE1}.Release|Any CPU.ActiveCfg = Release|Any CPU
		{218DAAD8-3073-484B-AC73-05A15494ECE1}.Release|Any CPU.Build.0 = Release|Any CPU
		{748479AF-A95E-45F1-9E01-4913113CC895}.Debug|Any CPU.ActiveCfg = Debug|Any CPU
		{748479AF-A95E-45F1-9E01-4913113CC895}.Debug|Any CPU.Build.0 = Debug|Any CPU
		{748479AF-A95E-45F1-9E01-4913113CC895}.Release|Any CPU.ActiveCfg = Release|Any CPU
		{748479AF-A95E-45F1-9E01-4913113CC895}.Release|Any CPU.Build.0 = Release|Any CPU
	EndGlobalSection
	GlobalSection(SolutionProperties) = preSolution
		HideSolutionNode = FALSE
	EndGlobalSection
	GlobalSection(ExtensibilityGlobals) = postSolution
		SolutionGuid = {69AB1310-1EEE-4BBD-8DD1-49E1B5F01F23}
	EndGlobalSection
EndGlobal
