
Microsoft Visual Studio Solution File, Format Version 12.00
# Visual Studio Version 16
VisualStudioVersion = 16.0.29324.140
MinimumVisualStudioVersion = 10.0.40219.1
Project("{2150E333-8FDC-42A3-9474-1A3956D46DE8}") = "DataBase", "DataBase", "{E510A1CA-BBE3-43DF-AE59-3A224192AEF8}"
EndProject
Project("{FAE04EC0-301F-11D3-BF4B-00C04F79EFBC}") = "SunflowerDataBase", "SunflowerDataBase\SunflowerDataBase.csproj", "{21C8C4F5-5A41-4004-AF35-66C3EDA98CAD}"
EndProject
Project("{FAE04EC0-301F-11D3-BF4B-00C04F79EFBC}") = "IronySqlParser", "IronySqlParser\IronySqlParser.csproj", "{441EA1BB-8AB8-405B-991B-28B8DFCA33BE}"
EndProject
Project("{FAE04EC0-301F-11D3-BF4B-00C04F79EFBC}") = "DataBaseEngine", "DataBaseEngine\DataBaseEngine.csproj", "{663469A0-7E1D-429A-B243-17502EF9447A}"
EndProject
Project("{FAE04EC0-301F-11D3-BF4B-00C04F79EFBC}") = "TransactionManagement", "TransactionManagement\TransactionManagement\TransactionManagement.csproj", "{34E97B73-A6E8-49C5-A7ED-00B540B29551}"
EndProject
Project("{FAE04EC0-301F-11D3-BF4B-00C04F79EFBC}") = "DataBaseTypes", "DataBaseTypes\DataBaseTypes.csproj", "{C0635319-ED1D-4BC7-91A5-4E5B9FBD5076}"
EndProject
Project("{2150E333-8FDC-42A3-9474-1A3956D46DE8}") = "Tests", "Tests", "{4A5F465C-3DD0-4A6C-A939-EE54C715F61F}"
EndProject
Global
	GlobalSection(SolutionConfigurationPlatforms) = preSolution
		Debug|Any CPU = Debug|Any CPU
		Release|Any CPU = Release|Any CPU
	EndGlobalSection
	GlobalSection(ProjectConfigurationPlatforms) = postSolution
		{21C8C4F5-5A41-4004-AF35-66C3EDA98CAD}.Debug|Any CPU.ActiveCfg = Debug|Any CPU
		{21C8C4F5-5A41-4004-AF35-66C3EDA98CAD}.Debug|Any CPU.Build.0 = Debug|Any CPU
		{21C8C4F5-5A41-4004-AF35-66C3EDA98CAD}.Release|Any CPU.ActiveCfg = Release|Any CPU
		{21C8C4F5-5A41-4004-AF35-66C3EDA98CAD}.Release|Any CPU.Build.0 = Release|Any CPU
		{441EA1BB-8AB8-405B-991B-28B8DFCA33BE}.Debug|Any CPU.ActiveCfg = Debug|Any CPU
		{441EA1BB-8AB8-405B-991B-28B8DFCA33BE}.Debug|Any CPU.Build.0 = Debug|Any CPU
		{441EA1BB-8AB8-405B-991B-28B8DFCA33BE}.Release|Any CPU.ActiveCfg = Release|Any CPU
		{441EA1BB-8AB8-405B-991B-28B8DFCA33BE}.Release|Any CPU.Build.0 = Release|Any CPU
		{663469A0-7E1D-429A-B243-17502EF9447A}.Debug|Any CPU.ActiveCfg = Debug|Any CPU
		{663469A0-7E1D-429A-B243-17502EF9447A}.Debug|Any CPU.Build.0 = Debug|Any CPU
		{663469A0-7E1D-429A-B243-17502EF9447A}.Release|Any CPU.ActiveCfg = Release|Any CPU
		{663469A0-7E1D-429A-B243-17502EF9447A}.Release|Any CPU.Build.0 = Release|Any CPU
		{34E97B73-A6E8-49C5-A7ED-00B540B29551}.Debug|Any CPU.ActiveCfg = Debug|Any CPU
		{34E97B73-A6E8-49C5-A7ED-00B540B29551}.Debug|Any CPU.Build.0 = Debug|Any CPU
		{34E97B73-A6E8-49C5-A7ED-00B540B29551}.Release|Any CPU.ActiveCfg = Release|Any CPU
		{34E97B73-A6E8-49C5-A7ED-00B540B29551}.Release|Any CPU.Build.0 = Release|Any CPU
		{C0635319-ED1D-4BC7-91A5-4E5B9FBD5076}.Debug|Any CPU.ActiveCfg = Debug|Any CPU
		{C0635319-ED1D-4BC7-91A5-4E5B9FBD5076}.Debug|Any CPU.Build.0 = Debug|Any CPU
		{C0635319-ED1D-4BC7-91A5-4E5B9FBD5076}.Release|Any CPU.ActiveCfg = Release|Any CPU
		{C0635319-ED1D-4BC7-91A5-4E5B9FBD5076}.Release|Any CPU.Build.0 = Release|Any CPU
	EndGlobalSection
	GlobalSection(SolutionProperties) = preSolution
		HideSolutionNode = FALSE
	EndGlobalSection
	GlobalSection(NestedProjects) = preSolution
		{21C8C4F5-5A41-4004-AF35-66C3EDA98CAD} = {E510A1CA-BBE3-43DF-AE59-3A224192AEF8}
		{441EA1BB-8AB8-405B-991B-28B8DFCA33BE} = {E510A1CA-BBE3-43DF-AE59-3A224192AEF8}
		{663469A0-7E1D-429A-B243-17502EF9447A} = {E510A1CA-BBE3-43DF-AE59-3A224192AEF8}
		{34E97B73-A6E8-49C5-A7ED-00B540B29551} = {E510A1CA-BBE3-43DF-AE59-3A224192AEF8}
		{C0635319-ED1D-4BC7-91A5-4E5B9FBD5076} = {E510A1CA-BBE3-43DF-AE59-3A224192AEF8}
	EndGlobalSection
	GlobalSection(ExtensibilityGlobals) = postSolution
		SolutionGuid = {69AB1310-1EEE-4BBD-8DD1-49E1B5F01F23}
	EndGlobalSection
EndGlobal
